
Microsoft Visual Studio Solution File, Format Version 12.00
# Visual Studio Version 17
VisualStudioVersion = 17.14.36310.24 d17.14
MinimumVisualStudioVersion = 10.0.40219.1
Project("{FAE04EC0-301F-11D3-BF4B-00C04F79EFBC}") = "NombreMes", "NombreMes\NombreMes.csproj", "{C8070F71-199B-46A1-84B7-52570C058606}"
EndProject
Global
	GlobalSection(SolutionConfigurationPlatforms) = preSolution
		Debug|Any CPU = Debug|Any CPU
		Release|Any CPU = Release|Any CPU
	EndGlobalSection
	GlobalSection(ProjectConfigurationPlatforms) = postSolution
		{C8070F71-199B-46A1-84B7-52570C058606}.Debug|Any CPU.ActiveCfg = Debug|Any CPU
		{C8070F71-199B-46A1-84B7-52570C058606}.Debug|Any CPU.Build.0 = Debug|Any CPU
		{C8070F71-199B-46A1-84B7-52570C058606}.Release|Any CPU.ActiveCfg = Release|Any CPU
		{C8070F71-199B-46A1-84B7-52570C058606}.Release|Any CPU.Build.0 = Release|Any CPU
	EndGlobalSection
	GlobalSection(SolutionProperties) = preSolution
		HideSolutionNode = FALSE
	EndGlobalSection
	GlobalSection(ExtensibilityGlobals) = postSolution
		SolutionGuid = {7E2495B2-44B8-4A43-988A-D94C112D7D16}
	EndGlobalSection
EndGlobal
